
Microsoft Visual Studio Solution File, Format Version 12.00
# Visual Studio 15
VisualStudioVersion = 15.0.26228.10
MinimumVisualStudioVersion = 10.0.40219.1
Project("{D954291E-2A0B-460D-934E-DC6B0785DB48}") = "helloWorld", "helloWorld\helloWorld\helloWorld.shproj", "{F365219A-741E-4D47-BA1D-EC1F354A5D89}"
EndProject
Project("{FAE04EC0-301F-11D3-BF4B-00C04F79EFBC}") = "helloWorld.Android", "helloWorld\helloWorld.Android\helloWorld.Android.csproj", "{29DABA44-A25E-4587-B0F8-0D7DA8BA9B91}"
EndProject
Project("{FAE04EC0-301F-11D3-BF4B-00C04F79EFBC}") = "helloWorld.iOS", "helloWorld\helloWorld.iOS\helloWorld.iOS.csproj", "{7FCD0431-4CB3-49CB-985A-FD1DB7395357}"
EndProject
Global
	GlobalSection(SharedMSBuildProjectFiles) = preSolution
		helloWorld\helloWorld\helloWorld.projitems*{29daba44-a25e-4587-b0f8-0d7da8ba9b91}*SharedItemsImports = 4
		helloWorld\helloWorld\helloWorld.projitems*{7fcd0431-4cb3-49cb-985a-fd1db7395357}*SharedItemsImports = 4
		helloWorld\helloWorld\helloWorld.projitems*{f365219a-741e-4d47-ba1d-ec1f354a5d89}*SharedItemsImports = 13
	EndGlobalSection
	GlobalSection(SolutionConfigurationPlatforms) = preSolution
		Ad-Hoc|Any CPU = Ad-Hoc|Any CPU
		Ad-Hoc|iPhone = Ad-Hoc|iPhone
		Ad-Hoc|iPhoneSimulator = Ad-Hoc|iPhoneSimulator
		AppStore|Any CPU = AppStore|Any CPU
		AppStore|iPhone = AppStore|iPhone
		AppStore|iPhoneSimulator = AppStore|iPhoneSimulator
		Debug|Any CPU = Debug|Any CPU
		Debug|iPhone = Debug|iPhone
		Debug|iPhoneSimulator = Debug|iPhoneSimulator
		Release|Any CPU = Release|Any CPU
		Release|iPhone = Release|iPhone
		Release|iPhoneSimulator = Release|iPhoneSimulator
	EndGlobalSection
	GlobalSection(ProjectConfigurationPlatforms) = postSolution
		{29DABA44-A25E-4587-B0F8-0D7DA8BA9B91}.Ad-Hoc|Any CPU.ActiveCfg = Release|Any CPU
		{29DABA44-A25E-4587-B0F8-0D7DA8BA9B91}.Ad-Hoc|Any CPU.Build.0 = Release|Any CPU
		{29DABA44-A25E-4587-B0F8-0D7DA8BA9B91}.Ad-Hoc|Any CPU.Deploy.0 = Release|Any CPU
		{29DABA44-A25E-4587-B0F8-0D7DA8BA9B91}.Ad-Hoc|iPhone.ActiveCfg = Release|Any CPU
		{29DABA44-A25E-4587-B0F8-0D7DA8BA9B91}.Ad-Hoc|iPhone.Build.0 = Release|Any CPU
		{29DABA44-A25E-4587-B0F8-0D7DA8BA9B91}.Ad-Hoc|iPhone.Deploy.0 = Release|Any CPU
		{29DABA44-A25E-4587-B0F8-0D7DA8BA9B91}.Ad-Hoc|iPhoneSimulator.ActiveCfg = Release|Any CPU
		{29DABA44-A25E-4587-B0F8-0D7DA8BA9B91}.Ad-Hoc|iPhoneSimulator.Build.0 = Release|Any CPU
		{29DABA44-A25E-4587-B0F8-0D7DA8BA9B91}.Ad-Hoc|iPhoneSimulator.Deploy.0 = Release|Any CPU
		{29DABA44-A25E-4587-B0F8-0D7DA8BA9B91}.AppStore|Any CPU.ActiveCfg = Release|Any CPU
		{29DABA44-A25E-4587-B0F8-0D7DA8BA9B91}.AppStore|Any CPU.Build.0 = Release|Any CPU
		{29DABA44-A25E-4587-B0F8-0D7DA8BA9B91}.AppStore|Any CPU.Deploy.0 = Release|Any CPU
		{29DABA44-A25E-4587-B0F8-0D7DA8BA9B91}.AppStore|iPhone.ActiveCfg = Release|Any CPU
		{29DABA44-A25E-4587-B0F8-0D7DA8BA9B91}.AppStore|iPhone.Build.0 = Release|Any CPU
		{29DABA44-A25E-4587-B0F8-0D7DA8BA9B91}.AppStore|iPhone.Deploy.0 = Release|Any CPU
		{29DABA44-A25E-4587-B0F8-0D7DA8BA9B91}.AppStore|iPhoneSimulator.ActiveCfg = Release|Any CPU
		{29DABA44-A25E-4587-B0F8-0D7DA8BA9B91}.AppStore|iPhoneSimulator.Build.0 = Release|Any CPU
		{29DABA44-A25E-4587-B0F8-0D7DA8BA9B91}.AppStore|iPhoneSimulator.Deploy.0 = Release|Any CPU
		{29DABA44-A25E-4587-B0F8-0D7DA8BA9B91}.Debug|Any CPU.ActiveCfg = Debug|Any CPU
		{29DABA44-A25E-4587-B0F8-0D7DA8BA9B91}.Debug|Any CPU.Build.0 = Debug|Any CPU
		{29DABA44-A25E-4587-B0F8-0D7DA8BA9B91}.Debug|Any CPU.Deploy.0 = Debug|Any CPU
		{29DABA44-A25E-4587-B0F8-0D7DA8BA9B91}.Debug|iPhone.ActiveCfg = Debug|Any CPU
		{29DABA44-A25E-4587-B0F8-0D7DA8BA9B91}.Debug|iPhone.Build.0 = Debug|Any CPU
		{29DABA44-A25E-4587-B0F8-0D7DA8BA9B91}.Debug|iPhone.Deploy.0 = Debug|Any CPU
		{29DABA44-A25E-4587-B0F8-0D7DA8BA9B91}.Debug|iPhoneSimulator.ActiveCfg = Debug|Any CPU
		{29DABA44-A25E-4587-B0F8-0D7DA8BA9B91}.Debug|iPhoneSimulator.Build.0 = Debug|Any CPU
		{29DABA44-A25E-4587-B0F8-0D7DA8BA9B91}.Debug|iPhoneSimulator.Deploy.0 = Debug|Any CPU
		{29DABA44-A25E-4587-B0F8-0D7DA8BA9B91}.Release|Any CPU.ActiveCfg = Release|Any CPU
		{29DABA44-A25E-4587-B0F8-0D7DA8BA9B91}.Release|Any CPU.Build.0 = Release|Any CPU
		{29DABA44-A25E-4587-B0F8-0D7DA8BA9B91}.Release|Any CPU.Deploy.0 = Release|Any CPU
		{29DABA44-A25E-4587-B0F8-0D7DA8BA9B91}.Release|iPhone.ActiveCfg = Release|Any CPU
		{29DABA44-A25E-4587-B0F8-0D7DA8BA9B91}.Release|iPhone.Build.0 = Release|Any CPU
		{29DABA44-A25E-4587-B0F8-0D7DA8BA9B91}.Release|iPhone.Deploy.0 = Release|Any CPU
		{29DABA44-A25E-4587-B0F8-0D7DA8BA9B91}.Release|iPhoneSimulator.ActiveCfg = Release|Any CPU
		{29DABA44-A25E-4587-B0F8-0D7DA8BA9B91}.Release|iPhoneSimulator.Build.0 = Release|Any CPU
		{29DABA44-A25E-4587-B0F8-0D7DA8BA9B91}.Release|iPhoneSimulator.Deploy.0 = Release|Any CPU
		{7FCD0431-4CB3-49CB-985A-FD1DB7395357}.Ad-Hoc|Any CPU.ActiveCfg = Ad-Hoc|iPhone
		{7FCD0431-4CB3-49CB-985A-FD1DB7395357}.Ad-Hoc|iPhone.ActiveCfg = Ad-Hoc|iPhone
		{7FCD0431-4CB3-49CB-985A-FD1DB7395357}.Ad-Hoc|iPhone.Build.0 = Ad-Hoc|iPhone
		{7FCD0431-4CB3-49CB-985A-FD1DB7395357}.Ad-Hoc|iPhoneSimulator.ActiveCfg = Ad-Hoc|iPhoneSimulator
		{7FCD0431-4CB3-49CB-985A-FD1DB7395357}.Ad-Hoc|iPhoneSimulator.Build.0 = Ad-Hoc|iPhoneSimulator
		{7FCD0431-4CB3-49CB-985A-FD1DB7395357}.AppStore|Any CPU.ActiveCfg = AppStore|iPhone
		{7FCD0431-4CB3-49CB-985A-FD1DB7395357}.AppStore|iPhone.ActiveCfg = AppStore|iPhone
		{7FCD0431-4CB3-49CB-985A-FD1DB7395357}.AppStore|iPhone.Build.0 = AppStore|iPhone
		{7FCD0431-4CB3-49CB-985A-FD1DB7395357}.AppStore|iPhoneSimulator.ActiveCfg = AppStore|iPhoneSimulator
		{7FCD0431-4CB3-49CB-985A-FD1DB7395357}.AppStore|iPhoneSimulator.Build.0 = AppStore|iPhoneSimulator
		{7FCD0431-4CB3-49CB-985A-FD1DB7395357}.Debug|Any CPU.ActiveCfg = Debug|iPhone
		{7FCD0431-4CB3-49CB-985A-FD1DB7395357}.Debug|iPhone.ActiveCfg = Debug|iPhone
		{7FCD0431-4CB3-49CB-985A-FD1DB7395357}.Debug|iPhone.Build.0 = Debug|iPhone
		{7FCD0431-4CB3-49CB-985A-FD1DB7395357}.Debug|iPhoneSimulator.ActiveCfg = Debug|iPhoneSimulator
		{7FCD0431-4CB3-49CB-985A-FD1DB7395357}.Debug|iPhoneSimulator.Build.0 = Debug|iPhoneSimulator
		{7FCD0431-4CB3-49CB-985A-FD1DB7395357}.Release|Any CPU.ActiveCfg = Release|iPhone
		{7FCD0431-4CB3-49CB-985A-FD1DB7395357}.Release|iPhone.ActiveCfg = Release|iPhone
		{7FCD0431-4CB3-49CB-985A-FD1DB7395357}.Release|iPhone.Build.0 = Release|iPhone
		{7FCD0431-4CB3-49CB-985A-FD1DB7395357}.Release|iPhoneSimulator.ActiveCfg = Release|iPhoneSimulator
		{7FCD0431-4CB3-49CB-985A-FD1DB7395357}.Release|iPhoneSimulator.Build.0 = Release|iPhoneSimulator
	EndGlobalSection
	GlobalSection(SolutionProperties) = preSolution
		HideSolutionNode = FALSE
	EndGlobalSection
EndGlobal
